
Microsoft Visual Studio Solution File, Format Version 12.00
# Visual Studio Version 17
VisualStudioVersion = 17.9.34723.18
MinimumVisualStudioVersion = 10.0.40219.1
Project("{FAE04EC0-301F-11D3-BF4B-00C04F79EFBC}") = "AzureDemo", "AzureDemo.csproj", "{BCE08D17-9602-425E-99BA-CDEF7ADB775A}"
EndProject
Global
	GlobalSection(SolutionConfigurationPlatforms) = preSolution
		Debug|Any CPU = Debug|Any CPU
		Release|Any CPU = Release|Any CPU
	EndGlobalSection
	GlobalSection(ProjectConfigurationPlatforms) = postSolution
		{BCE08D17-9602-425E-99BA-CDEF7ADB775A}.Debug|Any CPU.ActiveCfg = Debug|Any CPU
		{BCE08D17-9602-425E-99BA-CDEF7ADB775A}.Debug|Any CPU.Build.0 = Debug|Any CPU
		{BCE08D17-9602-425E-99BA-CDEF7ADB775A}.Release|Any CPU.ActiveCfg = Release|Any CPU
		{BCE08D17-9602-425E-99BA-CDEF7ADB775A}.Release|Any CPU.Build.0 = Release|Any CPU
	EndGlobalSection
	GlobalSection(SolutionProperties) = preSolution
		HideSolutionNode = FALSE
	EndGlobalSection
	GlobalSection(ExtensibilityGlobals) = postSolution
		SolutionGuid = {800C0F1B-6B8C-46E3-885E-7FED03E86B8E}
	EndGlobalSection
EndGlobal
